PODS:
  - EasyViewLib (0.3.0):
    - SimpleSwiftLib (~> 0.1)
  - SimpleSwiftLib (0.1.0)
  - SimpleViewLib (0.2.0):
    - SimpleSwiftLib (~> 0.1)

DEPENDENCIES:
  - EasyViewLib (= 0.3.0)
  - SimpleSwiftLib (= 0.1.0)
  - SimpleViewLib (= 0.2.0)

SPEC REPOS:
  https://github.com/elye/personal_podspecs:
    - EasyViewLib
    - SimpleSwiftLib
    - SimpleViewLib

SPEC CHECKSUMS:
  EasyViewLib: 8ada9b4a45c19f5888d5d4129a8363f71f8ed2fd
  SimpleSwiftLib: 3191afd38247510a52f6021919c9f07f9ff1f7b8
  SimpleViewLib: 22413faa954d984a6564d06775e9f962c22431a4

PODFILE CHECKSUM: 97f1b4cbd69fc98b03edabfc96e4b06937fee550

COCOAPODS: 1.10.1
