PODS:
  - EasyViewLib (0.1.0):
    - SimpleSwiftLib
  - SimpleSwiftLib (0.1.0)
  - SimpleViewLib (0.1.0):
    - SimpleSwiftLib

DEPENDENCIES:
  - EasyViewLib (from `./`)
  - SimpleSwiftLib (from `./`)
  - SimpleViewLib (from `./`)

EXTERNAL SOURCES:
  EasyViewLib:
    :path: "./"
  SimpleSwiftLib:
    :path: "./"
  SimpleViewLib:
    :path: "./"

SPEC CHECKSUMS:
  EasyViewLib: fad194c1aa4a1981bdac24f16e435f74102940fa
  SimpleSwiftLib: c053c223bcf4c6bfcd6e97d88bb86a9c70af2daf
  SimpleViewLib: 7b2b8be99c1bd490cacdbd8bade1011b752ed709

PODFILE CHECKSUM: 37e425800d96d116a6b1800a43789bea69bb15dd

COCOAPODS: 1.10.1
